
Microsoft Visual Studio Solution File, Format Version 12.00
# Visual Studio Version 16
VisualStudioVersion = 16.0.30406.217
MinimumVisualStudioVersion = 10.0.40219.1
Project("{FAE04EC0-301F-11D3-BF4B-00C04F79EFBC}") = "Ex03.ConsoleUI", "Ex03.ConsoleUI\Ex03.ConsoleUI.csproj", "{20DC9EA8-2F5C-4382-B8C9-25AB07948050}"
EndProject
Project("{FAE04EC0-301F-11D3-BF4B-00C04F79EFBC}") = "Ex03.GarageLogic", "Ex03.GarageLogic\Ex03.GarageLogic.csproj", "{31632155-8DAA-41DD-95A8-452667414D16}"
EndProject
Global
	GlobalSection(SolutionConfigurationPlatforms) = preSolution
		Debug|Any CPU = Debug|Any CPU
		Release|Any CPU = Release|Any CPU
	EndGlobalSection
	GlobalSection(ProjectConfigurationPlatforms) = postSolution
		{20DC9EA8-2F5C-4382-B8C9-25AB07948050}.Debug|Any CPU.ActiveCfg = Debug|Any CPU
		{20DC9EA8-2F5C-4382-B8C9-25AB07948050}.Debug|Any CPU.Build.0 = Debug|Any CPU
		{20DC9EA8-2F5C-4382-B8C9-25AB07948050}.Release|Any CPU.ActiveCfg = Release|Any CPU
		{20DC9EA8-2F5C-4382-B8C9-25AB07948050}.Release|Any CPU.Build.0 = Release|Any CPU
		{31632155-8DAA-41DD-95A8-452667414D16}.Debug|Any CPU.ActiveCfg = Debug|Any CPU
		{31632155-8DAA-41DD-95A8-452667414D16}.Debug|Any CPU.Build.0 = Debug|Any CPU
		{31632155-8DAA-41DD-95A8-452667414D16}.Release|Any CPU.ActiveCfg = Release|Any CPU
		{31632155-8DAA-41DD-95A8-452667414D16}.Release|Any CPU.Build.0 = Release|Any CPU
	EndGlobalSection
	GlobalSection(SolutionProperties) = preSolution
		HideSolutionNode = FALSE
	EndGlobalSection
	GlobalSection(ExtensibilityGlobals) = postSolution
		SolutionGuid = {0446C262-65AB-4B85-876D-709BCD165299}
	EndGlobalSection
EndGlobal
